{
  "name": "vir-list",
  "version": "1.0.0",
  "lockfileVersion": 1,
  "requires": true,
  "dependencies": {
    "faker": {
      "version": "4.1.0",
      "resolved": "https://registry.npmjs.org/faker/-/faker-4.1.0.tgz",
      "integrity": "sha1-HkW7vsxndLPBlfrSg1EJxtdIzD8="
    },
    "resize-observer-polyfill": {
      "version": "1.5.1",
      "resolved": "https://registry.npm.taobao.org/resize-observer-polyfill/download/resize-observer-polyfill-1.5.1.tgz",
      "integrity": "sha1-DpAg3T0hAkRY1OvSfiPkAmmBBGQ=",
      "dev": true
    },
    "uview-ui": {
      "version": "1.8.3",
      "resolved": "https://registry.npmjs.org/uview-ui/-/uview-ui-1.8.3.tgz",
      "integrity": "sha512-DqKc+qRrOZLPcyfWv4b0HspSS9n1Cd6BbgKiYEv9rjTAnWoqJV7rXsvWqZdr5iKGP5EMNbNS741GLNw4sIHbpw=="
    }
  }
}
