{
  "requires": true,
  "lockfileVersion": 1,
  "dependencies": {
    "faker": {
      "version": "5.4.0",
      "resolved": "https://registry.npm.taobao.org/faker/download/faker-5.4.0.tgz",
      "integrity": "sha1-8Y5VmTxoh5GBgrAD0WPfFNrrMBE="
    },
    "resize-observer-polyfill": {
      "version": "1.5.1",
      "resolved": "https://registry.npm.taobao.org/resize-observer-polyfill/download/resize-observer-polyfill-1.5.1.tgz",
      "integrity": "sha1-DpAg3T0hAkRY1OvSfiPkAmmBBGQ="
    }
  }
}
